
Microsoft Visual Studio Solution File, Format Version 11.00
# Visual Studio 2010
Project("{FAE04EC0-301F-11D3-BF4B-00C04F79EFBC}") = "Pms.Repository.Generation", "Pms.Repository.Generation\Pms.Repository.Generation.csproj", "{A40449BC-3869-46D4-B023-385A123FA6B3}"
EndProject
Project("{FAE04EC0-301F-11D3-BF4B-00C04F79EFBC}") = "Pms.Contract.Generation", "Pms.Contract.Generation\Pms.Contract.Generation.csproj", "{07DD4F8C-3D0D-4C04-A4EF-B099C3DDE36D}"
EndProject
Project("{FAE04EC0-301F-11D3-BF4B-00C04F79EFBC}") = "ClassTest", "ClassTest\ClassTest.csproj", "{C8DDD333-4086-43A1-AEB4-197792D293C9}"
EndProject
Global
	GlobalSection(SolutionConfigurationPlatforms) = preSolution
		Debug|Any CPU = Debug|Any CPU
		Debug|Mixed Platforms = Debug|Mixed Platforms
		Debug|x86 = Debug|x86
		Release|Any CPU = Release|Any CPU
		Release|Mixed Platforms = Release|Mixed Platforms
		Release|x86 = Release|x86
	EndGlobalSection
	GlobalSection(ProjectConfigurationPlatforms) = postSolution
		{A40449BC-3869-46D4-B023-385A123FA6B3}.Debug|Any CPU.ActiveCfg = Debug|Any CPU
		{A40449BC-3869-46D4-B023-385A123FA6B3}.Debug|Any CPU.Build.0 = Debug|Any CPU
		{A40449BC-3869-46D4-B023-385A123FA6B3}.Debug|Mixed Platforms.ActiveCfg = Debug|Any CPU
		{A40449BC-3869-46D4-B023-385A123FA6B3}.Debug|Mixed Platforms.Build.0 = Debug|Any CPU
		{A40449BC-3869-46D4-B023-385A123FA6B3}.Debug|x86.ActiveCfg = Debug|Any CPU
		{A40449BC-3869-46D4-B023-385A123FA6B3}.Release|Any CPU.ActiveCfg = Release|Any CPU
		{A40449BC-3869-46D4-B023-385A123FA6B3}.Release|Any CPU.Build.0 = Release|Any CPU
		{A40449BC-3869-46D4-B023-385A123FA6B3}.Release|Mixed Platforms.ActiveCfg = Release|Any CPU
		{A40449BC-3869-46D4-B023-385A123FA6B3}.Release|Mixed Platforms.Build.0 = Release|Any CPU
		{A40449BC-3869-46D4-B023-385A123FA6B3}.Release|x86.ActiveCfg = Release|Any CPU
		{07DD4F8C-3D0D-4C04-A4EF-B099C3DDE36D}.Debug|Any CPU.ActiveCfg = Debug|Any CPU
		{07DD4F8C-3D0D-4C04-A4EF-B099C3DDE36D}.Debug|Any CPU.Build.0 = Debug|Any CPU
		{07DD4F8C-3D0D-4C04-A4EF-B099C3DDE36D}.Debug|Mixed Platforms.ActiveCfg = Debug|Any CPU
		{07DD4F8C-3D0D-4C04-A4EF-B099C3DDE36D}.Debug|Mixed Platforms.Build.0 = Debug|Any CPU
		{07DD4F8C-3D0D-4C04-A4EF-B099C3DDE36D}.Debug|x86.ActiveCfg = Debug|Any CPU
		{07DD4F8C-3D0D-4C04-A4EF-B099C3DDE36D}.Release|Any CPU.ActiveCfg = Release|Any CPU
		{07DD4F8C-3D0D-4C04-A4EF-B099C3DDE36D}.Release|Any CPU.Build.0 = Release|Any CPU
		{07DD4F8C-3D0D-4C04-A4EF-B099C3DDE36D}.Release|Mixed Platforms.ActiveCfg = Release|Any CPU
		{07DD4F8C-3D0D-4C04-A4EF-B099C3DDE36D}.Release|Mixed Platforms.Build.0 = Release|Any CPU
		{07DD4F8C-3D0D-4C04-A4EF-B099C3DDE36D}.Release|x86.ActiveCfg = Release|Any CPU
		{C8DDD333-4086-43A1-AEB4-197792D293C9}.Debug|Any CPU.ActiveCfg = Debug|x86
		{C8DDD333-4086-43A1-AEB4-197792D293C9}.Debug|Mixed Platforms.ActiveCfg = Debug|x86
		{C8DDD333-4086-43A1-AEB4-197792D293C9}.Debug|Mixed Platforms.Build.0 = Debug|x86
		{C8DDD333-4086-43A1-AEB4-197792D293C9}.Debug|x86.ActiveCfg = Debug|x86
		{C8DDD333-4086-43A1-AEB4-197792D293C9}.Debug|x86.Build.0 = Debug|x86
		{C8DDD333-4086-43A1-AEB4-197792D293C9}.Release|Any CPU.ActiveCfg = Release|x86
		{C8DDD333-4086-43A1-AEB4-197792D293C9}.Release|Mixed Platforms.ActiveCfg = Release|x86
		{C8DDD333-4086-43A1-AEB4-197792D293C9}.Release|Mixed Platforms.Build.0 = Release|x86
		{C8DDD333-4086-43A1-AEB4-197792D293C9}.Release|x86.ActiveCfg = Release|x86
		{C8DDD333-4086-43A1-AEB4-197792D293C9}.Release|x86.Build.0 = Release|x86
	EndGlobalSection
	GlobalSection(SolutionProperties) = preSolution
		HideSolutionNode = FALSE
	EndGlobalSection
	GlobalSection(SubversionScc) = preSolution
		Svn-Managed = True
		Manager = AnkhSVN - Subversion Support for Visual Studio
	EndGlobalSection
EndGlobal
